# This file is automatically @generated by Cargo.
# It is not intended for manual editing.
version = 4

[[package]]
name = "bitflags"
version = "1.3.2"
source = "registry+https://github.com/rust-lang/crates.io-index"
checksum = "bef38d45163c2f1dde094a7dfd33ccf595c92905c8f8f4fdc18d06fb1037718a"

[[package]]
name = "defmt"
version = "1.1.1"
source = "registry+https://github.com/rust-lang/crates.io-index"
checksum = "e2953bfe4f93bbd20cc71198842756f77d161884c99ebbabc41d80231ded88d1"
dependencies = [
 "bitflags",
 "defmt-macros",
]

[[package]]
name = "defmt-macros"
version = "1.1.1"
source = "registry+https://github.com/rust-lang/crates.io-index"
checksum = "bad9c72e7ca2137e0dc3813245a0d282fd6daad32fd800af018306a9169b5fe8"
dependencies = [
 "defmt-parser",
 "proc-macro2",
 "quote",
 "syn",
]

[[package]]
name = "defmt-parser"
version = "1.0.0"
source = "registry+https://github.com/rust-lang/crates.io-index"
checksum = "10d60334b3b2e7c9d91ef8150abfb6fa4c1c39ebbcf4a81c2e346aad939fee3e"
dependencies = [
 "thiserror",
]

[[package]]
name = "jiff"
version = "0.2.32"
source = "registry+https://github.com/rust-lang/crates.io-index"
checksum = "961d16382652bfdd8c6f68b223b26a8c93e0d475c672f414411db31c6c5c900e"
dependencies = [
 "defmt",
 "jiff-static",
 "jiff-tzdb-platform",
 "log",
 "portable-atomic",
 "portable-atomic-util",
 "serde_core",
 "windows-link",
]

[[package]]
name = "jiff-static"
version = "0.2.32"
source = "registry+https://github.com/rust-lang/crates.io-index"
checksum = "d0879bd39df99c4c5e2c6615ccc026391a423dde10532c573e6086eb94a802cc"
dependencies = [
 "proc-macro2",
 "quote",
 "syn",
]

[[package]]
name = "jiff-tzdb"
version = "0.1.8"
source = "registry+https://github.com/rust-lang/crates.io-index"
checksum = "142bd39932ad231f10513df9ab62661fead8719872150b7ad02a2df79f4e141e"

[[package]]
name = "jiff-tzdb-platform"
version = "0.1.3"
source = "registry+https://github.com/rust-lang/crates.io-index"
checksum = "875a5a69ac2bab1a891711cf5eccbec1ce0341ea805560dcd90b7a2e925132e8"
dependencies = [
 "jiff-tzdb",
]

[[package]]
name = "log"
version = "0.4.33"
source = "registry+https://github.com/rust-lang/crates.io-index"
checksum = "0ceec5bc11778974d1bcb055b18002eba7f4b3518b6a0081b3af5f21666da9ad"

[[package]]
name = "moontool"
version = "1.4.0"
dependencies = [
 "jiff",
 "textcanvas",
]

[[package]]
name = "portable-atomic"
version = "1.13.1"
source = "registry+https://github.com/rust-lang/crates.io-index"
checksum = "c33a9471896f1c69cecef8d20cbe2f7accd12527ce60845ff44c153bb2a21b49"

[[package]]
name = "portable-atomic-util"
version = "0.2.7"
source = "registry+https://github.com/rust-lang/crates.io-index"
checksum = "c2a106d1259c23fac8e543272398ae0e3c0b8d33c88ed73d0cc71b0f1d902618"
dependencies = [
 "portable-atomic",
]

[[package]]
name = "proc-macro2"
version = "1.0.93"
source = "registry+https://github.com/rust-lang/crates.io-index"
checksum = "60946a68e5f9d28b0dc1c21bb8a97ee7d018a8b322fa57838ba31cc878e22d99"
dependencies = [
 "unicode-ident",
]

[[package]]
name = "quote"
version = "1.0.38"
source = "registry+https://github.com/rust-lang/crates.io-index"
checksum = "0e4dccaaaf89514f546c693ddc140f729f958c247918a13380cccc6078391acc"
dependencies = [
 "proc-macro2",
]

[[package]]
name = "serde_core"
version = "1.0.228"
source = "registry+https://github.com/rust-lang/crates.io-index"
checksum = "41d385c7d4ca58e59fc732af25c3983b67ac852c1a25000afe1175de458b67ad"
dependencies = [
 "serde_derive",
]

[[package]]
name = "serde_derive"
version = "1.0.228"
source = "registry+https://github.com/rust-lang/crates.io-index"
checksum = "d540f220d3187173da220f885ab66608367b6574e925011a9353e4badda91d79"
dependencies = [
 "proc-macro2",
 "quote",
 "syn",
]

[[package]]
name = "syn"
version = "2.0.98"
source = "registry+https://github.com/rust-lang/crates.io-index"
checksum = "36147f1a48ae0ec2b5b3bc5b537d267457555a10dc06f3dbc8cb11ba3006d3b1"
dependencies = [
 "proc-macro2",
 "quote",
 "unicode-ident",
]

[[package]]
name = "textcanvas"
version = "3.8.0"
source = "registry+https://github.com/rust-lang/crates.io-index"
checksum = "3722ca4db637a7ca1f954282bcb68e248f92824d59942bd65893011a69fbd9df"

[[package]]
name = "thiserror"
version = "2.0.18"
source = "registry+https://github.com/rust-lang/crates.io-index"
checksum = "4288b5bcbc7920c07a1149a35cf9590a2aa808e0bc1eafaade0b80947865fbc4"
dependencies = [
 "thiserror-impl",
]

[[package]]
name = "thiserror-impl"
version = "2.0.18"
source = "registry+https://github.com/rust-lang/crates.io-index"
checksum = "ebc4ee7f67670e9b64d05fa4253e753e016c6c95ff35b89b7941d6b856dec1d5"
dependencies = [
 "proc-macro2",
 "quote",
 "syn",
]

[[package]]
name = "unicode-ident"
version = "1.0.17"
source = "registry+https://github.com/rust-lang/crates.io-index"
checksum = "00e2473a93778eb0bad35909dff6a10d28e63f792f16ed15e404fca9d5eeedbe"

[[package]]
name = "windows-link"
version = "0.2.1"
source = "registry+https://github.com/rust-lang/crates.io-index"
checksum = "f0805222e57f7521d6a62e36fa9163bc891acd422f971defe97d64e70d0a4fe5"
